<?xml version="1.0" encoding="utf-8"?>
<Project ToolsVersion="4.0" xmlns="http://schemas.microsoft.com/developer/msbuild/2003">
  <ItemGroup>
    <Filter Include="SK-Gaming-Engine">
      <UniqueIdentifier>{866D8540-7266-A492-9B98-891787F0839E}</UniqueIdentifier>
    </Filter>
    <Filter Include="SK-Gaming-Engine\Events">
      <UniqueIdentifier>{AAE67356-161E-BCED-1F28-20118BDEE2E6}</UniqueIdentifier>
    </Filter>
    <Filter Include="SK-Gaming-Engine\Platform">
      <UniqueIdentifier>{9A4026DF-0603-5A69-4FB3-E8F5BBB43247}</UniqueIdentifier>
    </Filter>
    <Filter Include="SK-Gaming-Engine\Platform\Windows">
      <UniqueIdentifier>{D4E44F5A-4053-A5D9-893C-60D9F5E99A75}</UniqueIdentifier>
    </Filter>
  </ItemGroup>
  <ItemGroup>
    <ClInclude Include="src\SK-Gaming-Engine\Application.h">
      <Filter>SK-Gaming-Engine</Filter>
    </ClInclude>
    <ClInclude Include="src\SK-Gaming-Engine\Core.h">
      <Filter>SK-Gaming-Engine</Filter>
    </ClInclude>
    <ClInclude Include="src\SK-Gaming-Engine\EntryPoint.h">
      <Filter>SK-Gaming-Engine</Filter>
    </ClInclude>
    <ClInclude Include="src\SK-Gaming-Engine\Events\ApplicationEvents.h">
      <Filter>SK-Gaming-Engine\Events</Filter>
    </ClInclude>
    <ClInclude Include="src\SK-Gaming-Engine\Events\Event.h">
      <Filter>SK-Gaming-Engine\Events</Filter>
    </ClInclude>
    <ClInclude Include="src\SK-Gaming-Engine\Events\KeyEvents.h">
      <Filter>SK-Gaming-Engine\Events</Filter>
    </ClInclude>
    <ClInclude Include="src\SK-Gaming-Engine\Events\MouseEvents.h">
      <Filter>SK-Gaming-Engine\Events</Filter>
    </ClInclude>
    <ClInclude Include="src\SK-Gaming-Engine\Log.h">
      <Filter>SK-Gaming-Engine</Filter>
    </ClInclude>
    <ClInclude Include="src\SK-Gaming-Engine\Platform\Windows\WindowsWindow.h">
      <Filter>SK-Gaming-Engine\Platform\Windows</Filter>
    </ClInclude>
    <ClInclude Include="src\SK-Gaming-Engine\Window.h">
      <Filter>SK-Gaming-Engine</Filter>
    </ClInclude>
    <ClInclude Include="src\SKGE.h" />
    <ClInclude Include="src\pch.h" />
  </ItemGroup>
  <ItemGroup>
    <ClCompile Include="src\SK-Gaming-Engine\Application.cpp">
      <Filter>SK-Gaming-Engine</Filter>
    </ClCompile>
    <ClCompile Include="src\SK-Gaming-Engine\Log.cpp">
      <Filter>SK-Gaming-Engine</Filter>
    </ClCompile>
    <ClCompile Include="src\SK-Gaming-Engine\Platform\Windows\WindowsWindow.cpp">
      <Filter>SK-Gaming-Engine\Platform\Windows</Filter>
    </ClCompile>
    <ClCompile Include="src\pch.cpp" />
  </ItemGroup>
</Project>